
Microsoft Visual Studio Solution File, Format Version 12.00
# Visual Studio 15
Project("{FAE04EC0-301F-11D3-BF4B-00C04F79EFBC}") = "Projet-Batiment_du_futur", "Assembly-CSharp-firstpass.csproj", "{0ACB1EE0-84D3-732F-75C3-46B384C8117F}"
EndProject
Project("{FAE04EC0-301F-11D3-BF4B-00C04F79EFBC}") = "Projet-Batiment_du_futur", "Assembly-CSharp.csproj", "{25F20ECE-39EE-3A2F-A2EA-F825060E386C}"
EndProject
Project("{FAE04EC0-301F-11D3-BF4B-00C04F79EFBC}") = "Projet-Batiment_du_futur", "Assembly-CSharp-Editor-firstpass.csproj", "{2BE43089-312E-BB22-73C7-E688E5E05A02}"
EndProject
Global
	GlobalSection(SolutionConfigurationPlatforms) = preSolution
		Debug|Any CPU = Debug|Any CPU
		Release|Any CPU = Release|Any CPU
	EndGlobalSection
	GlobalSection(ProjectConfigurationPlatforms) = postSolution
		{0ACB1EE0-84D3-732F-75C3-46B384C8117F}.Debug|Any CPU.ActiveCfg = Debug|Any CPU
		{0ACB1EE0-84D3-732F-75C3-46B384C8117F}.Debug|Any CPU.Build.0 = Debug|Any CPU
		{0ACB1EE0-84D3-732F-75C3-46B384C8117F}.Release|Any CPU.ActiveCfg = Release|Any CPU
		{0ACB1EE0-84D3-732F-75C3-46B384C8117F}.Release|Any CPU.Build.0 = Release|Any CPU
		{25F20ECE-39EE-3A2F-A2EA-F825060E386C}.Debug|Any CPU.ActiveCfg = Debug|Any CPU
		{25F20ECE-39EE-3A2F-A2EA-F825060E386C}.Debug|Any CPU.Build.0 = Debug|Any CPU
		{25F20ECE-39EE-3A2F-A2EA-F825060E386C}.Release|Any CPU.ActiveCfg = Release|Any CPU
		{25F20ECE-39EE-3A2F-A2EA-F825060E386C}.Release|Any CPU.Build.0 = Release|Any CPU
		{2BE43089-312E-BB22-73C7-E688E5E05A02}.Debug|Any CPU.ActiveCfg = Debug|Any CPU
		{2BE43089-312E-BB22-73C7-E688E5E05A02}.Debug|Any CPU.Build.0 = Debug|Any CPU
		{2BE43089-312E-BB22-73C7-E688E5E05A02}.Release|Any CPU.ActiveCfg = Release|Any CPU
		{2BE43089-312E-BB22-73C7-E688E5E05A02}.Release|Any CPU.Build.0 = Release|Any CPU
	EndGlobalSection
	GlobalSection(SolutionProperties) = preSolution
		HideSolutionNode = FALSE
	EndGlobalSection
EndGlobal
